// !$*UTF8*$!
{
	archiveVersion = 1;
	classes = {
	};
	objectVersion = 55;
	objects = {

/* Begin PBXBuildFile section */
		CEB2899B283E7E5E0055D009 /* .gitignore in Resources */ = {isa = PBXBuildFile; fileRef = CEB2899A283E7E5E0055D009 /* .gitignore */; };
		CEBC6968283BA55600C0AF2B /* AppDelegate.swift in Sources */ = {isa = PBXBuildFile; fileRef = CEBC6967283BA55600C0AF2B /* AppDelegate.swift */; };
		CEBC696A283BA55600C0AF2B /* SceneDelegate.swift in Sources */ = {isa = PBXBuildFile; fileRef = CEBC6969283BA55600C0AF2B /* SceneDelegate.swift */; };
		CEBC696C283BA55600C0AF2B /* AppleMapViewController.swift in Sources */ = {isa = PBXBuildFile; fileRef = CEBC696B283BA55600C0AF2B /* AppleMapViewController.swift */; };
		CEBC696F283BA55600C0AF2B /* Main.storyboard in Resources */ = {isa = PBXBuildFile; fileRef = CEBC696D283BA55600C0AF2B /* Main.storyboard */; };
		CEBC6972283BA55600C0AF2B /* TheShortestWay.xcdatamodeld in Sources */ = {isa = PBXBuildFile; fileRef = CEBC6970283BA55600C0AF2B /* TheShortestWay.xcdatamodeld */; };
		CEBC6974283BA55A00C0AF2B /* Assets.xcassets in Resources */ = {isa = PBXBuildFile; fileRef = CEBC6973283BA55A00C0AF2B /* Assets.xcassets */; };
		CEBC6977283BA55A00C0AF2B /* LaunchScreen.storyboard in Resources */ = {isa = PBXBuildFile; fileRef = CEBC6975283BA55A00C0AF2B /* LaunchScreen.storyboard */; };
		CEBC697F283BB0C900C0AF2B /* Alert.swift in Sources */ = {isa = PBXBuildFile; fileRef = CEBC697E283BB0C800C0AF2B /* Alert.swift */; };
		CEBC69CB283D9AC600C0AF2B /* YandexMapViewController.swift in Sources */ = {isa = PBXBuildFile; fileRef = CEBC69CA283D9AC600C0AF2B /* YandexMapViewController.swift */; };
/* End PBXBuildFile section */

/* Begin PBXFileReference section */
		CEB28999283E64890055D009 /* TheShortestWay.app */ = {isa = PBXFileReference; explicitFileType = wrapper.application; includeInIndex = 0; path = TheShortestWay.app; sourceTree = BUILT_PRODUCTS_DIR; };
		CEB2899A283E7E5E0055D009 /* .gitignore */ = {isa = PBXFileReference; lastKnownFileType = text; path = .gitignore; sourceTree = "<group>"; };
		CEBC6967283BA55600C0AF2B /* AppDelegate.swift */ = {isa = PBXFileReference; lastKnownFileType = sourcecode.swift; path = AppDelegate.swift; sourceTree = "<group>"; };
		CEBC6969283BA55600C0AF2B /* SceneDelegate.swift */ = {isa = PBXFileReference; lastKnownFileType = sourcecode.swift; path = SceneDelegate.swift; sourceTree = "<group>"; };
		CEBC696B283BA55600C0AF2B /* AppleMapViewController.swift */ = {isa = PBXFileReference; lastKnownFileType = sourcecode.swift; path = AppleMapViewController.swift; sourceTree = "<group>"; };
		CEBC696E283BA55600C0AF2B /* Base */ = {isa = PBXFileReference; lastKnownFileType = file.storyboard; name = Base; path = Base.lproj/Main.storyboard; sourceTree = "<group>"; };
		CEBC6971283BA55600C0AF2B /* TheShortestWay.xcdatamodel */ = {isa = PBXFileReference; lastKnownFileType = wrapper.xcdatamodel; path = TheShortestWay.xcdatamodel; sourceTree = "<group>"; };
		CEBC6973283BA55A00C0AF2B /* Assets.xcassets */ = {isa = PBXFileReference; lastKnownFileType = folder.assetcatalog; path = Assets.xcassets; sourceTree = "<group>"; };
		CEBC6976283BA55A00C0AF2B /* Base */ = {isa = PBXFileReference; lastKnownFileType = file.storyboard; name = Base; path = Base.lproj/LaunchScreen.storyboard; sourceTree = "<group>"; };
		CEBC6978283BA55A00C0AF2B /* Info.plist */ = {isa = PBXFileReference; lastKnownFileType = text.plist.xml; path = Info.plist; sourceTree = "<group>"; };
		CEBC697E283BB0C800C0AF2B /* Alert.swift */ = {isa = PBXFileReference; lastKnownFileType = sourcecode.swift; path = Alert.swift; sourceTree = "<group>"; };
		CEBC69CA283D9AC600C0AF2B /* YandexMapViewController.swift */ = {isa = PBXFileReference; lastKnownFileType = sourcecode.swift; path = YandexMapViewController.swift; sourceTree = "<group>"; };
/* End PBXFileReference section */

/* Begin PBXFrameworksBuildPhase section */
		CEBC6961283BA55600C0AF2B /* Frameworks */ = {
			isa = PBXFrameworksBuildPhase;
			buildActionMask = 2147483647;
			files = (
			);
			runOnlyForDeploymentPostprocessing = 0;
		};
/* End PBXFrameworksBuildPhase section */

/* Begin PBXGroup section */
		CEBC695B283BA55600C0AF2B = {
			isa = PBXGroup;
			children = (
				CEBC6966283BA55600C0AF2B /* TheShortestWay */,
				CEB28999283E64890055D009 /* TheShortestWay.app */,
				CEB2899A283E7E5E0055D009 /* .gitignore */,
			);
			sourceTree = "<group>";
		};
		CEBC6966283BA55600C0AF2B /* TheShortestWay */ = {
			isa = PBXGroup;
			children = (
				CEBC6967283BA55600C0AF2B /* AppDelegate.swift */,
				CEBC6969283BA55600C0AF2B /* SceneDelegate.swift */,
				CEBC696B283BA55600C0AF2B /* AppleMapViewController.swift */,
				CEBC69CA283D9AC600C0AF2B /* YandexMapViewController.swift */,
				CEBC697E283BB0C800C0AF2B /* Alert.swift */,
				CEBC696D283BA55600C0AF2B /* Main.storyboard */,
				CEBC6973283BA55A00C0AF2B /* Assets.xcassets */,
				CEBC6975283BA55A00C0AF2B /* LaunchScreen.storyboard */,
				CEBC6978283BA55A00C0AF2B /* Info.plist */,
				CEBC6970283BA55600C0AF2B /* TheShortestWay.xcdatamodeld */,
			);
			path = TheShortestWay;
			sourceTree = "<group>";
		};
/* End PBXGroup section */

/* Begin PBXNativeTarget section */
		CEBC6963283BA55600C0AF2B /* TheShortestWay */ = {
			isa = PBXNativeTarget;
			buildConfigurationList = CEBC697B283BA55A00C0AF2B /* Build configuration list for PBXNativeTarget "TheShortestWay" */;
			buildPhases = (
				CEBC6960283BA55600C0AF2B /* Sources */,
				CEBC6961283BA55600C0AF2B /* Frameworks */,
				CEBC6962283BA55600C0AF2B /* Resources */,
			);
			buildRules = (
			);
			dependencies = (
			);
			name = TheShortestWay;
			productName = TheShortestWay;
			productReference = CEB28999283E64890055D009 /* TheShortestWay.app */;
			productType = "com.apple.product-type.application";
		};
/* End PBXNativeTarget section */

/* Begin PBXProject section */
		CEBC695C283BA55600C0AF2B /* Project object */ = {
			isa = PBXProject;
			attributes = {
				BuildIndependentTargetsInParallel = 1;
				LastSwiftUpdateCheck = 1320;
				LastUpgradeCheck = 1320;
				TargetAttributes = {
					CEBC6963283BA55600C0AF2B = {
						CreatedOnToolsVersion = 13.2.1;
					};
				};
			};
			buildConfigurationList = CEBC695F283BA55600C0AF2B /* Build configuration list for PBXProject "TheShortestWay" */;
			compatibilityVersion = "Xcode 13.0";
			developmentRegion = en;
			hasScannedForEncodings = 0;
			knownRegions = (
				en,
				Base,
			);
			mainGroup = CEBC695B283BA55600C0AF2B;
			productRefGroup = CEBC695B283BA55600C0AF2B;
			projectDirPath = "";
			projectRoot = "";
			targets = (
				CEBC6963283BA55600C0AF2B /* TheShortestWay */,
			);
		};
/* End PBXProject section */

/* Begin PBXResourcesBuildPhase section */
		CEBC6962283BA55600C0AF2B /* Resources */ = {
			isa = PBXResourcesBuildPhase;
			buildActionMask = 2147483647;
			files = (
				CEB2899B283E7E5E0055D009 /* .gitignore in Resources */,
				CEBC6977283BA55A00C0AF2B /* LaunchScreen.storyboard in Resources */,
				CEBC6974283BA55A00C0AF2B /* Assets.xcassets in Resources */,
				CEBC696F283BA55600C0AF2B /* Main.storyboard in Resources */,
			);
			runOnlyForDeploymentPostprocessing = 0;
		};
/* End PBXResourcesBuildPhase section */

/* Begin PBXSourcesBuildPhase section */
		CEBC6960283BA55600C0AF2B /* Sources */ = {
			isa = PBXSourcesBuildPhase;
			buildActionMask = 2147483647;
			files = (
				CEBC696C283BA55600C0AF2B /* AppleMapViewController.swift in Sources */,
				CEBC6972283BA55600C0AF2B /* TheShortestWay.xcdatamodeld in Sources */,
				CEBC69CB283D9AC600C0AF2B /* YandexMapViewController.swift in Sources */,
				CEBC6968283BA55600C0AF2B /* AppDelegate.swift in Sources */,
				CEBC697F283BB0C900C0AF2B /* Alert.swift in Sources */,
				CEBC696A283BA55600C0AF2B /* SceneDelegate.swift in Sources */,
			);
			runOnlyForDeploymentPostprocessing = 0;
		};
/* End PBXSourcesBuildPhase section */

/* Begin PBXVariantGroup section */
		CEBC696D283BA55600C0AF2B /* Main.storyboard */ = {
			isa = PBXVariantGroup;
			children = (
				CEBC696E283BA55600C0AF2B /* Base */,
			);
			name = Main.storyboard;
			sourceTree = "<group>";
		};
		CEBC6975283BA55A00C0AF2B /* LaunchScreen.storyboard */ = {
			isa = PBXVariantGroup;
			children = (
				CEBC6976283BA55A00C0AF2B /* Base */,
			);
			name = LaunchScreen.storyboard;
			sourceTree = "<group>";
		};
/* End PBXVariantGroup section */

/* Begin XCBuildConfiguration section */
		CEBC6979283BA55A00C0AF2B /* Debug */ = {
			isa = XCBuildConfiguration;
			buildSettings = {
				ALWAYS_SEARCH_USER_PATHS = NO;
				CLANG_ANALYZER_NONNULL = YES;
				CLANG_ANALYZER_NUMBER_OBJECT_CONVERSION = YES_AGGRESSIVE;
				CLANG_CXX_LANGUAGE_STANDARD = "gnu++17";
				CLANG_CXX_LIBRARY = "libc++";
				CLANG_ENABLE_MODULES = YES;
				CLANG_ENABLE_OBJC_ARC = YES;
				CLANG_ENABLE_OBJC_WEAK = YES;
				CLANG_WARN_BLOCK_CAPTURE_AUTORELEASING = YES;
				CLANG_WARN_BOOL_CONVERSION = YES;
				CLANG_WARN_COMMA = YES;
				CLANG_WARN_CONSTANT_CONVERSION = YES;
				CLANG_WARN_DEPRECATED_OBJC_IMPLEMENTATIONS = YES;
				CLANG_WARN_DIRECT_OBJC_ISA_USAGE = YES_ERROR;
				CLANG_WARN_DOCUMENTATION_COMMENTS = YES;
				CLANG_WARN_EMPTY_BODY = YES;
				CLANG_WARN_ENUM_CONVERSION = YES;
				CLANG_WARN_INFINITE_RECURSION = YES;
				CLANG_WARN_INT_CONVERSION = YES;
				CLANG_WARN_NON_LITERAL_NULL_CONVERSION = YES;
				CLANG_WARN_OBJC_IMPLICIT_RETAIN_SELF = YES;
				CLANG_WARN_OBJC_LITERAL_CONVERSION = YES;
				CLANG_WARN_OBJC_ROOT_CLASS = YES_ERROR;
				CLANG_WARN_QUOTED_INCLUDE_IN_FRAMEWORK_HEADER = YES;
				CLANG_WARN_RANGE_LOOP_ANALYSIS = YES;
				CLANG_WARN_STRICT_PROTOTYPES = YES;
				CLANG_WARN_SUSPICIOUS_MOVE = YES;
				CLANG_WARN_UNGUARDED_AVAILABILITY = YES_AGGRESSIVE;
				CLANG_WARN_UNREACHABLE_CODE = YES;
				CLANG_WARN__DUPLICATE_METHOD_MATCH = YES;
				COPY_PHASE_STRIP = NO;
				DEBUG_INFORMATION_FORMAT = dwarf;
				ENABLE_STRICT_OBJC_MSGSEND = YES;
				ENABLE_TESTABILITY = YES;
				GCC_C_LANGUAGE_STANDARD = gnu11;
				GCC_DYNAMIC_NO_PIC = NO;
				GCC_NO_COMMON_BLOCKS = YES;
				GCC_OPTIMIZATION_LEVEL = 0;
				GCC_PREPROCESSOR_DEFINITIONS = (
					"DEBUG=1",
					"$(inherited)",
				);
				GCC_WARN_64_TO_32_BIT_CONVERSION = YES;
				GCC_WARN_ABOUT_RETURN_TYPE = YES_ERROR;
				GCC_WARN_UNDECLARED_SELECTOR = YES;
				GCC_WARN_UNINITIALIZED_AUTOS = YES_AGGRESSIVE;
				GCC_WARN_UNUSED_FUNCTION = YES;
				GCC_WARN_UNUSED_VARIABLE = YES;
				IPHONEOS_DEPLOYMENT_TARGET = 15.2;
				MTL_ENABLE_DEBUG_INFO = INCLUDE_SOURCE;
				MTL_FAST_MATH = YES;
				ONLY_ACTIVE_ARCH = YES;
				SDKROOT = iphoneos;
				SWIFT_ACTIVE_COMPILATION_CONDITIONS = DEBUG;
				SWIFT_OPTIMIZATION_LEVEL = "-Onone";
			};
			name = Debug;
		};
		CEBC697A283BA55A00C0AF2B /* Release */ = {
			isa = XCBuildConfiguration;
			buildSettings = {
				ALWAYS_SEARCH_USER_PATHS = NO;
				CLANG_ANALYZER_NONNULL = YES;
				CLANG_ANALYZER_NUMBER_OBJECT_CONVERSION = YES_AGGRESSIVE;
				CLANG_CXX_LANGUAGE_STANDARD = "gnu++17";
				CLANG_CXX_LIBRARY = "libc++";
				CLANG_ENABLE_MODULES = YES;
				CLANG_ENABLE_OBJC_ARC = YES;
				CLANG_ENABLE_OBJC_WEAK = YES;
				CLANG_WARN_BLOCK_CAPTURE_AUTORELEASING = YES;
				CLANG_WARN_BOOL_CONVERSION = YES;
				CLANG_WARN_COMMA = YES;
				CLANG_WARN_CONSTANT_CONVERSION = YES;
				CLANG_WARN_DEPRECATED_OBJC_IMPLEMENTATIONS = YES;
				CLANG_WARN_DIRECT_OBJC_ISA_USAGE = YES_ERROR;
				CLANG_WARN_DOCUMENTATION_COMMENTS = YES;
				CLANG_WARN_EMPTY_BODY = YES;
				CLANG_WARN_ENUM_CONVERSION = YES;
				CLANG_WARN_INFINITE_RECURSION = YES;
				CLANG_WARN_INT_CONVERSION = YES;
				CLANG_WARN_NON_LITERAL_NULL_CONVERSION = YES;
				CLANG_WARN_OBJC_IMPLICIT_RETAIN_SELF = YES;
				CLANG_WARN_OBJC_LITERAL_CONVERSION = YES;
				CLANG_WARN_OBJC_ROOT_CLASS = YES_ERROR;
				CLANG_WARN_QUOTED_INCLUDE_IN_FRAMEWORK_HEADER = YES;
				CLANG_WARN_RANGE_LOOP_ANALYSIS = YES;
				CLANG_WARN_STRICT_PROTOTYPES = YES;
				CLANG_WARN_SUSPICIOUS_MOVE = YES;
				CLANG_WARN_UNGUARDED_AVAILABILITY = YES_AGGRESSIVE;
				CLANG_WARN_UNREACHABLE_CODE = YES;
				CLANG_WARN__DUPLICATE_METHOD_MATCH = YES;
				COPY_PHASE_STRIP = NO;
				DEBUG_INFORMATION_FORMAT = "dwarf-with-dsym";
				ENABLE_NS_ASSERTIONS = NO;
				ENABLE_STRICT_OBJC_MSGSEND = YES;
				GCC_C_LANGUAGE_STANDARD = gnu11;
				GCC_NO_COMMON_BLOCKS = YES;
				GCC_WARN_64_TO_32_BIT_CONVERSION = YES;
				GCC_WARN_ABOUT_RETURN_TYPE = YES_ERROR;
				GCC_WARN_UNDECLARED_SELECTOR = YES;
				GCC_WARN_UNINITIALIZED_AUTOS = YES_AGGRESSIVE;
				GCC_WARN_UNUSED_FUNCTION = YES;
				GCC_WARN_UNUSED_VARIABLE = YES;
				IPHONEOS_DEPLOYMENT_TARGET = 15.2;
				MTL_ENABLE_DEBUG_INFO = NO;
				MTL_FAST_MATH = YES;
				SDKROOT = iphoneos;
				SWIFT_COMPILATION_MODE = wholemodule;
				SWIFT_OPTIMIZATION_LEVEL = "-O";
				VALIDATE_PRODUCT = YES;
			};
			name = Release;
		};
		CEBC697C283BA55A00C0AF2B /* Debug */ = {
			isa = XCBuildConfiguration;
			buildSettings = {
				ASSETCATALOG_COMPILER_APPICON_NAME = AppIcon;
				ASSETCATALOG_COMPILER_GLOBAL_ACCENT_COLOR_NAME = AccentColor;
				CODE_SIGN_STYLE = Automatic;
				CURRENT_PROJECT_VERSION = 1;
				DEVELOPMENT_TEAM = 9JS227JCXV;
				GENERATE_INFOPLIST_FILE = YES;
				INFOPLIST_FILE = TheShortestWay/Info.plist;
				INFOPLIST_KEY_UIApplicationSupportsIndirectInputEvents = YES;
				INFOPLIST_KEY_UILaunchStoryboardName = LaunchScreen;
				INFOPLIST_KEY_UIMainStoryboardFile = Main;
				INFOPLIST_KEY_UISupportedInterfaceOrientations_iPad = "UIInterfaceOrientationPortrait UIInterfaceOrientationPortraitUpsideDown UIInterfaceOrientationLandscapeLeft UIInterfaceOrientationLandscapeRight";
				INFOPLIST_KEY_UISupportedInterfaceOrientations_iPhone = "UIInterfaceOrientationPortrait UIInterfaceOrientationLandscapeLeft UIInterfaceOrientationLandscapeRight";
				IPHONEOS_DEPLOYMENT_TARGET = 13.0;
				LD_RUNPATH_SEARCH_PATHS = (
					"$(inherited)",
					"@executable_path/Frameworks",
				);
				MARKETING_VERSION = 1.0;
				PRODUCT_BUNDLE_IDENTIFIER = AlexandraDolm.TheShortestWay;
				PRODUCT_NAME = "$(TARGET_NAME)";
				SWIFT_EMIT_LOC_STRINGS = YES;
				SWIFT_VERSION = 5.0;
				TARGETED_DEVICE_FAMILY = "1,2";
			};
			name = Debug;
		};
		CEBC697D283BA55A00C0AF2B /* Release */ = {
			isa = XCBuildConfiguration;
			buildSettings = {
				ASSETCATALOG_COMPILER_APPICON_NAME = AppIcon;
				ASSETCATALOG_COMPILER_GLOBAL_ACCENT_COLOR_NAME = AccentColor;
				CODE_SIGN_STYLE = Automatic;
				CURRENT_PROJECT_VERSION = 1;
				DEVELOPMENT_TEAM = 9JS227JCXV;
				GENERATE_INFOPLIST_FILE = YES;
				INFOPLIST_FILE = TheShortestWay/Info.plist;
				INFOPLIST_KEY_UIApplicationSupportsIndirectInputEvents = YES;
				INFOPLIST_KEY_UILaunchStoryboardName = LaunchScreen;
				INFOPLIST_KEY_UIMainStoryboardFile = Main;
				INFOPLIST_KEY_UISupportedInterfaceOrientations_iPad = "UIInterfaceOrientationPortrait UIInterfaceOrientationPortraitUpsideDown UIInterfaceOrientationLandscapeLeft UIInterfaceOrientationLandscapeRight";
				INFOPLIST_KEY_UISupportedInterfaceOrientations_iPhone = "UIInterfaceOrientationPortrait UIInterfaceOrientationLandscapeLeft UIInterfaceOrientationLandscapeRight";
				IPHONEOS_DEPLOYMENT_TARGET = 13.0;
				LD_RUNPATH_SEARCH_PATHS = (
					"$(inherited)",
					"@executable_path/Frameworks",
				);
				MARKETING_VERSION = 1.0;
				PRODUCT_BUNDLE_IDENTIFIER = AlexandraDolm.TheShortestWay;
				PRODUCT_NAME = "$(TARGET_NAME)";
				SWIFT_EMIT_LOC_STRINGS = YES;
				SWIFT_VERSION = 5.0;
				TARGETED_DEVICE_FAMILY = "1,2";
			};
			name = Release;
		};
/* End XCBuildConfiguration section */

/* Begin XCConfigurationList section */
		CEBC695F283BA55600C0AF2B /* Build configuration list for PBXProject "TheShortestWay" */ = {
			isa = XCConfigurationList;
			buildConfigurations = (
				CEBC6979283BA55A00C0AF2B /* Debug */,
				CEBC697A283BA55A00C0AF2B /* Release */,
			);
			defaultConfigurationIsVisible = 0;
			defaultConfigurationName = Release;
		};
		CEBC697B283BA55A00C0AF2B /* Build configuration list for PBXNativeTarget "TheShortestWay" */ = {
			isa = XCConfigurationList;
			buildConfigurations = (
				CEBC697C283BA55A00C0AF2B /* Debug */,
				CEBC697D283BA55A00C0AF2B /* Release */,
			);
			defaultConfigurationIsVisible = 0;
			defaultConfigurationName = Release;
		};
/* End XCConfigurationList section */

/* Begin XCVersionGroup section */
		CEBC6970283BA55600C0AF2B /* TheShortestWay.xcdatamodeld */ = {
			isa = XCVersionGroup;
			children = (
				CEBC6971283BA55600C0AF2B /* TheShortestWay.xcdatamodel */,
			);
			currentVersion = CEBC6971283BA55600C0AF2B /* TheShortestWay.xcdatamodel */;
			path = TheShortestWay.xcdatamodeld;
			sourceTree = "<group>";
			versionGroupType = wrapper.xcdatamodel;
		};
/* End XCVersionGroup section */
	};
	rootObject = CEBC695C283BA55600C0AF2B /* Project object */;
}
